
Microsoft Visual Studio Solution File, Format Version 12.00
# Visual Studio Version 16
VisualStudioVersion = 16.0.31402.337
MinimumVisualStudioVersion = 10.0.40219.1
Project("{FAE04EC0-301F-11D3-BF4B-00C04F79EFBC}") = "TaskInstanceGUID", "TaskInstanceGUID\TaskInstanceGUID.csproj", "{AF7987D9-3709-4357-A686-875EC4AF90CA}"
EndProject
Global
	GlobalSection(SolutionConfigurationPlatforms) = preSolution
		Debug|Any CPU = Debug|Any CPU
		Release|Any CPU = Release|Any CPU
	EndGlobalSection
	GlobalSection(ProjectConfigurationPlatforms) = postSolution
		{AF7987D9-3709-4357-A686-875EC4AF90CA}.Debug|Any CPU.ActiveCfg = Debug|Any CPU
		{AF7987D9-3709-4357-A686-875EC4AF90CA}.Debug|Any CPU.Build.0 = Debug|Any CPU
		{AF7987D9-3709-4357-A686-875EC4AF90CA}.Release|Any CPU.ActiveCfg = Release|Any CPU
		{AF7987D9-3709-4357-A686-875EC4AF90CA}.Release|Any CPU.Build.0 = Release|Any CPU
	EndGlobalSection
	GlobalSection(SolutionProperties) = preSolution
		HideSolutionNode = FALSE
	EndGlobalSection
	GlobalSection(ExtensibilityGlobals) = postSolution
		SolutionGuid = {147ECD05-9830-4D9A-A71E-A48559234745}
	EndGlobalSection
EndGlobal
